
Microsoft Visual Studio Solution File, Format Version 12.00
# Visual Studio Version 16
VisualStudioVersion = 16.0.29806.167
MinimumVisualStudioVersion = 10.0.40219.1
Project("{2150E333-8FDC-42A3-9474-1A3956D46DE8}") = "Day10", "Day10", "{BFE6B6B9-F61F-4104-B4FB-432C58D4EF64}"
EndProject
Project("{9A19103F-16F7-4668-BE54-9A1E7A4F7556}") = "IntCodeExecutor", "Day09\IntCodeExecutioner\IntCodeExecutor.csproj", "{C7B85A14-8E98-4195-9E02-6132483E8A97}"
EndProject
Project("{2150E333-8FDC-42A3-9474-1A3956D46DE8}") = "Day09", "Day09", "{6B7215DE-08DB-4F60-B74E-77FA0443F20D}"
EndProject
Project("{9A19103F-16F7-4668-BE54-9A1E7A4F7556}") = "AsteroidDetection", "Day10\AsteroidDetection\AsteroidDetection.csproj", "{0AA1ACA8-6E67-496A-AC8F-7FE56C93BB35}"
EndProject
Project("{9A19103F-16F7-4668-BE54-9A1E7A4F7556}") = "AsteroidDetectionTest", "Day10\AsteroidDetectionTest\AsteroidDetectionTest.csproj", "{FB777EA3-0796-4300-BD96-534289974359}"
EndProject
Project("{9A19103F-16F7-4668-BE54-9A1E7A4F7556}") = "BIOS", "Day08\BIOS\BIOS.csproj", "{F008BE26-AC37-4979-A062-C6915B71FBF0}"
EndProject
Project("{9A19103F-16F7-4668-BE54-9A1E7A4F7556}") = "Driver", "Day08\Driver\Driver.csproj", "{FDACC44C-F28F-452C-918C-6F590962D5EC}"
EndProject
Project("{2150E333-8FDC-42A3-9474-1A3956D46DE8}") = "Day08", "Day08", "{D60CDBBC-F6A8-4B68-9817-0E3D2FC473A2}"
EndProject
Project("{2150E333-8FDC-42A3-9474-1A3956D46DE8}") = "Day07", "Day07", "{5C2D430B-E56F-4F9B-BA74-BA74C9959202}"
EndProject
Project("{2150E333-8FDC-42A3-9474-1A3956D46DE8}") = "Day06", "Day06", "{525FE1D6-A168-419F-A584-446AE6B46B6C}"
EndProject
Project("{2150E333-8FDC-42A3-9474-1A3956D46DE8}") = "Day05", "Day05", "{32FE1C82-EB99-48D6-9AB8-2DA7DDE81938}"
EndProject
Project("{2150E333-8FDC-42A3-9474-1A3956D46DE8}") = "Day04", "Day04", "{C45977DB-FE7A-4A48-B9DD-5DFFDB6D1FA6}"
EndProject
Project("{2150E333-8FDC-42A3-9474-1A3956D46DE8}") = "Day03", "Day03", "{2F0B2A87-B105-4ED5-B0BC-B85DB1A84E70}"
EndProject
Project("{2150E333-8FDC-42A3-9474-1A3956D46DE8}") = "Day02", "Day02", "{C6A9D9D3-C282-4750-A6C3-7674FE93BDD1}"
EndProject
Project("{9A19103F-16F7-4668-BE54-9A1E7A4F7556}") = "IntCodeExecutor", "Day07\IntCodeExecutor\IntCodeExecutor.csproj", "{F818C8FA-F27F-4401-B774-B4756937350D}"
EndProject
Project("{9A19103F-16F7-4668-BE54-9A1E7A4F7556}") = "IntCodeExecutorPartII", "Day07\IntCodeExecutorPartII\IntCodeExecutorPartII.csproj", "{62DB082B-1294-4DA6-93D1-BFE6141A16A6}"
EndProject
Project("{9A19103F-16F7-4668-BE54-9A1E7A4F7556}") = "IntCodeExecutorPartIITest", "Day07\IntCodeExecutorPartIITest\IntCodeExecutorPartIITest.csproj", "{52A364F3-4D1E-4304-932C-0FD0633044B1}"
EndProject
Project("{9A19103F-16F7-4668-BE54-9A1E7A4F7556}") = "IntCodeExecutorTest", "Day07\IntCodeExecutorTest\IntCodeExecutorTest.csproj", "{F9C166DF-ECE3-462A-B01D-400818877FFB}"
EndProject
Project("{9A19103F-16F7-4668-BE54-9A1E7A4F7556}") = "UniversalOrbitMap", "Day06\UniversalOrbitMap\UniversalOrbitMap.csproj", "{FF78B2DA-7803-4B4D-A504-EDC48F96C3DA}"
EndProject
Project("{9A19103F-16F7-4668-BE54-9A1E7A4F7556}") = "DiagnosticCode", "Day05\DiagnosticCode\DiagnosticCode.csproj", "{600087D6-6D0C-4780-9DDA-FAEA4D4C107C}"
EndProject
Project("{9A19103F-16F7-4668-BE54-9A1E7A4F7556}") = "Passwords", "Day04\Passwords\Passwords.csproj", "{062D3E3B-3F52-4218-AC7C-A8E77D4EBFC9}"
EndProject
Project("{9A19103F-16F7-4668-BE54-9A1E7A4F7556}") = "IntCode1202", "Day02\IntCode1202\IntCode1202.csproj", "{EDE5B668-894E-4873-86F5-CE958B5F4930}"
EndProject
Project("{9A19103F-16F7-4668-BE54-9A1E7A4F7556}") = "IntCode1202.Test", "Day02\IntCode1202.Test\IntCode1202.Test.csproj", "{75389759-149F-47CE-9E4F-3C83712EFF1B}"
EndProject
Project("{2150E333-8FDC-42A3-9474-1A3956D46DE8}") = "Day01", "Day01", "{8BB63E09-E8ED-4558-9B4E-1168F7FEB2B5}"
EndProject
Project("{9A19103F-16F7-4668-BE54-9A1E7A4F7556}") = "Part1", "Day01\Part1\Part1.csproj", "{FD225409-B1E4-4F23-BFBB-F9C2642B98C1}"
EndProject
Project("{9A19103F-16F7-4668-BE54-9A1E7A4F7556}") = "Part2", "Day01\Part2\Part2.csproj", "{2BCDFC2C-0145-4F77-9E13-6A00DE297DA7}"
EndProject
Project("{9A19103F-16F7-4668-BE54-9A1E7A4F7556}") = "CrossingWires", "Day03\CrossingWires\CrossingWires.csproj", "{D4316E8D-A4AE-45E1-86AE-04A7A75B6DC8}"
EndProject
Project("{9A19103F-16F7-4668-BE54-9A1E7A4F7556}") = "CrossingWires.Test", "Day03\CrossingWires.Test\CrossingWires.Test.csproj", "{1F4839D9-8F86-4C5F-B746-43BCF4110D14}"
EndProject
Project("{9A19103F-16F7-4668-BE54-9A1E7A4F7556}") = "IntCode", "IntCode\IntCode.csproj", "{CC6D5BF5-EC8A-408C-84A6-AA67BCE8126D}"
EndProject
Project("{2150E333-8FDC-42A3-9474-1A3956D46DE8}") = "Lib", "Lib", "{0FBFD4EB-76FF-43F6-9A9E-211B7FF0D342}"
EndProject
Project("{9A19103F-16F7-4668-BE54-9A1E7A4F7556}") = "IntCodeTest", "IntCodeTest\IntCodeTest.csproj", "{57C1CFED-5843-458E-88F5-DC11FFCDE528}"
EndProject
Project("{2150E333-8FDC-42A3-9474-1A3956D46DE8}") = "Day11", "Day11", "{6867C97D-1559-412F-9286-92E20465ABB9}"
EndProject
Project("{9A19103F-16F7-4668-BE54-9A1E7A4F7556}") = "PaintingRobot", "Day11\PaintingRobot\PaintingRobot.csproj", "{868CA454-F1DB-455F-965F-70D3A2F1B6B2}"
EndProject
Global
	GlobalSection(SolutionConfigurationPlatforms) = preSolution
		Debug|Any CPU = Debug|Any CPU
		Release|Any CPU = Release|Any CPU
	EndGlobalSection
	GlobalSection(ProjectConfigurationPlatforms) = postSolution
		{C7B85A14-8E98-4195-9E02-6132483E8A97}.Debug|Any CPU.ActiveCfg = Debug|Any CPU
		{C7B85A14-8E98-4195-9E02-6132483E8A97}.Debug|Any CPU.Build.0 = Debug|Any CPU
		{C7B85A14-8E98-4195-9E02-6132483E8A97}.Release|Any CPU.ActiveCfg = Release|Any CPU
		{C7B85A14-8E98-4195-9E02-6132483E8A97}.Release|Any CPU.Build.0 = Release|Any CPU
		{0AA1ACA8-6E67-496A-AC8F-7FE56C93BB35}.Debug|Any CPU.ActiveCfg = Debug|Any CPU
		{0AA1ACA8-6E67-496A-AC8F-7FE56C93BB35}.Debug|Any CPU.Build.0 = Debug|Any CPU
		{0AA1ACA8-6E67-496A-AC8F-7FE56C93BB35}.Release|Any CPU.ActiveCfg = Release|Any CPU
		{0AA1ACA8-6E67-496A-AC8F-7FE56C93BB35}.Release|Any CPU.Build.0 = Release|Any CPU
		{FB777EA3-0796-4300-BD96-534289974359}.Debug|Any CPU.ActiveCfg = Debug|Any CPU
		{FB777EA3-0796-4300-BD96-534289974359}.Debug|Any CPU.Build.0 = Debug|Any CPU
		{FB777EA3-0796-4300-BD96-534289974359}.Release|Any CPU.ActiveCfg = Release|Any CPU
		{FB777EA3-0796-4300-BD96-534289974359}.Release|Any CPU.Build.0 = Release|Any CPU
		{F008BE26-AC37-4979-A062-C6915B71FBF0}.Debug|Any CPU.ActiveCfg = Debug|Any CPU
		{F008BE26-AC37-4979-A062-C6915B71FBF0}.Debug|Any CPU.Build.0 = Debug|Any CPU
		{F008BE26-AC37-4979-A062-C6915B71FBF0}.Release|Any CPU.ActiveCfg = Release|Any CPU
		{F008BE26-AC37-4979-A062-C6915B71FBF0}.Release|Any CPU.Build.0 = Release|Any CPU
		{FDACC44C-F28F-452C-918C-6F590962D5EC}.Debug|Any CPU.ActiveCfg = Debug|Any CPU
		{FDACC44C-F28F-452C-918C-6F590962D5EC}.Debug|Any CPU.Build.0 = Debug|Any CPU
		{FDACC44C-F28F-452C-918C-6F590962D5EC}.Release|Any CPU.ActiveCfg = Release|Any CPU
		{FDACC44C-F28F-452C-918C-6F590962D5EC}.Release|Any CPU.Build.0 = Release|Any CPU
		{F818C8FA-F27F-4401-B774-B4756937350D}.Debug|Any CPU.ActiveCfg = Debug|Any CPU
		{F818C8FA-F27F-4401-B774-B4756937350D}.Debug|Any CPU.Build.0 = Debug|Any CPU
		{F818C8FA-F27F-4401-B774-B4756937350D}.Release|Any CPU.ActiveCfg = Release|Any CPU
		{F818C8FA-F27F-4401-B774-B4756937350D}.Release|Any CPU.Build.0 = Release|Any CPU
		{62DB082B-1294-4DA6-93D1-BFE6141A16A6}.Debug|Any CPU.ActiveCfg = Debug|Any CPU
		{62DB082B-1294-4DA6-93D1-BFE6141A16A6}.Debug|Any CPU.Build.0 = Debug|Any CPU
		{62DB082B-1294-4DA6-93D1-BFE6141A16A6}.Release|Any CPU.ActiveCfg = Release|Any CPU
		{62DB082B-1294-4DA6-93D1-BFE6141A16A6}.Release|Any CPU.Build.0 = Release|Any CPU
		{52A364F3-4D1E-4304-932C-0FD0633044B1}.Debug|Any CPU.ActiveCfg = Debug|Any CPU
		{52A364F3-4D1E-4304-932C-0FD0633044B1}.Debug|Any CPU.Build.0 = Debug|Any CPU
		{52A364F3-4D1E-4304-932C-0FD0633044B1}.Release|Any CPU.ActiveCfg = Release|Any CPU
		{52A364F3-4D1E-4304-932C-0FD0633044B1}.Release|Any CPU.Build.0 = Release|Any CPU
		{F9C166DF-ECE3-462A-B01D-400818877FFB}.Debug|Any CPU.ActiveCfg = Debug|Any CPU
		{F9C166DF-ECE3-462A-B01D-400818877FFB}.Debug|Any CPU.Build.0 = Debug|Any CPU
		{F9C166DF-ECE3-462A-B01D-400818877FFB}.Release|Any CPU.ActiveCfg = Release|Any CPU
		{F9C166DF-ECE3-462A-B01D-400818877FFB}.Release|Any CPU.Build.0 = Release|Any CPU
		{FF78B2DA-7803-4B4D-A504-EDC48F96C3DA}.Debug|Any CPU.ActiveCfg = Debug|Any CPU
		{FF78B2DA-7803-4B4D-A504-EDC48F96C3DA}.Debug|Any CPU.Build.0 = Debug|Any CPU
		{FF78B2DA-7803-4B4D-A504-EDC48F96C3DA}.Release|Any CPU.ActiveCfg = Release|Any CPU
		{FF78B2DA-7803-4B4D-A504-EDC48F96C3DA}.Release|Any CPU.Build.0 = Release|Any CPU
		{600087D6-6D0C-4780-9DDA-FAEA4D4C107C}.Debug|Any CPU.ActiveCfg = Debug|Any CPU
		{600087D6-6D0C-4780-9DDA-FAEA4D4C107C}.Debug|Any CPU.Build.0 = Debug|Any CPU
		{600087D6-6D0C-4780-9DDA-FAEA4D4C107C}.Release|Any CPU.ActiveCfg = Release|Any CPU
		{600087D6-6D0C-4780-9DDA-FAEA4D4C107C}.Release|Any CPU.Build.0 = Release|Any CPU
		{062D3E3B-3F52-4218-AC7C-A8E77D4EBFC9}.Debug|Any CPU.ActiveCfg = Debug|Any CPU
		{062D3E3B-3F52-4218-AC7C-A8E77D4EBFC9}.Debug|Any CPU.Build.0 = Debug|Any CPU
		{062D3E3B-3F52-4218-AC7C-A8E77D4EBFC9}.Release|Any CPU.ActiveCfg = Release|Any CPU
		{062D3E3B-3F52-4218-AC7C-A8E77D4EBFC9}.Release|Any CPU.Build.0 = Release|Any CPU
		{EDE5B668-894E-4873-86F5-CE958B5F4930}.Debug|Any CPU.ActiveCfg = Debug|Any CPU
		{EDE5B668-894E-4873-86F5-CE958B5F4930}.Debug|Any CPU.Build.0 = Debug|Any CPU
		{EDE5B668-894E-4873-86F5-CE958B5F4930}.Release|Any CPU.ActiveCfg = Release|Any CPU
		{EDE5B668-894E-4873-86F5-CE958B5F4930}.Release|Any CPU.Build.0 = Release|Any CPU
		{75389759-149F-47CE-9E4F-3C83712EFF1B}.Debug|Any CPU.ActiveCfg = Debug|Any CPU
		{75389759-149F-47CE-9E4F-3C83712EFF1B}.Debug|Any CPU.Build.0 = Debug|Any CPU
		{75389759-149F-47CE-9E4F-3C83712EFF1B}.Release|Any CPU.ActiveCfg = Release|Any CPU
		{75389759-149F-47CE-9E4F-3C83712EFF1B}.Release|Any CPU.Build.0 = Release|Any CPU
		{FD225409-B1E4-4F23-BFBB-F9C2642B98C1}.Debug|Any CPU.ActiveCfg = Debug|Any CPU
		{FD225409-B1E4-4F23-BFBB-F9C2642B98C1}.Debug|Any CPU.Build.0 = Debug|Any CPU
		{FD225409-B1E4-4F23-BFBB-F9C2642B98C1}.Release|Any CPU.ActiveCfg = Release|Any CPU
		{FD225409-B1E4-4F23-BFBB-F9C2642B98C1}.Release|Any CPU.Build.0 = Release|Any CPU
		{2BCDFC2C-0145-4F77-9E13-6A00DE297DA7}.Debug|Any CPU.ActiveCfg = Debug|Any CPU
		{2BCDFC2C-0145-4F77-9E13-6A00DE297DA7}.Debug|Any CPU.Build.0 = Debug|Any CPU
		{2BCDFC2C-0145-4F77-9E13-6A00DE297DA7}.Release|Any CPU.ActiveCfg = Release|Any CPU
		{2BCDFC2C-0145-4F77-9E13-6A00DE297DA7}.Release|Any CPU.Build.0 = Release|Any CPU
		{D4316E8D-A4AE-45E1-86AE-04A7A75B6DC8}.Debug|Any CPU.ActiveCfg = Debug|Any CPU
		{D4316E8D-A4AE-45E1-86AE-04A7A75B6DC8}.Debug|Any CPU.Build.0 = Debug|Any CPU
		{D4316E8D-A4AE-45E1-86AE-04A7A75B6DC8}.Release|Any CPU.ActiveCfg = Release|Any CPU
		{D4316E8D-A4AE-45E1-86AE-04A7A75B6DC8}.Release|Any CPU.Build.0 = Release|Any CPU
		{1F4839D9-8F86-4C5F-B746-43BCF4110D14}.Debug|Any CPU.ActiveCfg = Debug|Any CPU
		{1F4839D9-8F86-4C5F-B746-43BCF4110D14}.Debug|Any CPU.Build.0 = Debug|Any CPU
		{1F4839D9-8F86-4C5F-B746-43BCF4110D14}.Release|Any CPU.ActiveCfg = Release|Any CPU
		{1F4839D9-8F86-4C5F-B746-43BCF4110D14}.Release|Any CPU.Build.0 = Release|Any CPU
		{CC6D5BF5-EC8A-408C-84A6-AA67BCE8126D}.Debug|Any CPU.ActiveCfg = Debug|Any CPU
		{CC6D5BF5-EC8A-408C-84A6-AA67BCE8126D}.Debug|Any CPU.Build.0 = Debug|Any CPU
		{CC6D5BF5-EC8A-408C-84A6-AA67BCE8126D}.Release|Any CPU.ActiveCfg = Release|Any CPU
		{CC6D5BF5-EC8A-408C-84A6-AA67BCE8126D}.Release|Any CPU.Build.0 = Release|Any CPU
		{57C1CFED-5843-458E-88F5-DC11FFCDE528}.Debug|Any CPU.ActiveCfg = Debug|Any CPU
		{57C1CFED-5843-458E-88F5-DC11FFCDE528}.Debug|Any CPU.Build.0 = Debug|Any CPU
		{57C1CFED-5843-458E-88F5-DC11FFCDE528}.Release|Any CPU.ActiveCfg = Release|Any CPU
		{57C1CFED-5843-458E-88F5-DC11FFCDE528}.Release|Any CPU.Build.0 = Release|Any CPU
		{868CA454-F1DB-455F-965F-70D3A2F1B6B2}.Debug|Any CPU.ActiveCfg = Debug|Any CPU
		{868CA454-F1DB-455F-965F-70D3A2F1B6B2}.Debug|Any CPU.Build.0 = Debug|Any CPU
		{868CA454-F1DB-455F-965F-70D3A2F1B6B2}.Release|Any CPU.ActiveCfg = Release|Any CPU
		{868CA454-F1DB-455F-965F-70D3A2F1B6B2}.Release|Any CPU.Build.0 = Release|Any CPU
	EndGlobalSection
	GlobalSection(SolutionProperties) = preSolution
		HideSolutionNode = FALSE
	EndGlobalSection
	GlobalSection(NestedProjects) = preSolution
		{C7B85A14-8E98-4195-9E02-6132483E8A97} = {6B7215DE-08DB-4F60-B74E-77FA0443F20D}
		{0AA1ACA8-6E67-496A-AC8F-7FE56C93BB35} = {BFE6B6B9-F61F-4104-B4FB-432C58D4EF64}
		{FB777EA3-0796-4300-BD96-534289974359} = {BFE6B6B9-F61F-4104-B4FB-432C58D4EF64}
		{F008BE26-AC37-4979-A062-C6915B71FBF0} = {D60CDBBC-F6A8-4B68-9817-0E3D2FC473A2}
		{FDACC44C-F28F-452C-918C-6F590962D5EC} = {D60CDBBC-F6A8-4B68-9817-0E3D2FC473A2}
		{F818C8FA-F27F-4401-B774-B4756937350D} = {5C2D430B-E56F-4F9B-BA74-BA74C9959202}
		{62DB082B-1294-4DA6-93D1-BFE6141A16A6} = {5C2D430B-E56F-4F9B-BA74-BA74C9959202}
		{52A364F3-4D1E-4304-932C-0FD0633044B1} = {5C2D430B-E56F-4F9B-BA74-BA74C9959202}
		{F9C166DF-ECE3-462A-B01D-400818877FFB} = {5C2D430B-E56F-4F9B-BA74-BA74C9959202}
		{FF78B2DA-7803-4B4D-A504-EDC48F96C3DA} = {525FE1D6-A168-419F-A584-446AE6B46B6C}
		{600087D6-6D0C-4780-9DDA-FAEA4D4C107C} = {32FE1C82-EB99-48D6-9AB8-2DA7DDE81938}
		{062D3E3B-3F52-4218-AC7C-A8E77D4EBFC9} = {C45977DB-FE7A-4A48-B9DD-5DFFDB6D1FA6}
		{EDE5B668-894E-4873-86F5-CE958B5F4930} = {C6A9D9D3-C282-4750-A6C3-7674FE93BDD1}
		{75389759-149F-47CE-9E4F-3C83712EFF1B} = {C6A9D9D3-C282-4750-A6C3-7674FE93BDD1}
		{FD225409-B1E4-4F23-BFBB-F9C2642B98C1} = {8BB63E09-E8ED-4558-9B4E-1168F7FEB2B5}
		{2BCDFC2C-0145-4F77-9E13-6A00DE297DA7} = {8BB63E09-E8ED-4558-9B4E-1168F7FEB2B5}
		{D4316E8D-A4AE-45E1-86AE-04A7A75B6DC8} = {2F0B2A87-B105-4ED5-B0BC-B85DB1A84E70}
		{1F4839D9-8F86-4C5F-B746-43BCF4110D14} = {2F0B2A87-B105-4ED5-B0BC-B85DB1A84E70}
		{CC6D5BF5-EC8A-408C-84A6-AA67BCE8126D} = {0FBFD4EB-76FF-43F6-9A9E-211B7FF0D342}
		{57C1CFED-5843-458E-88F5-DC11FFCDE528} = {0FBFD4EB-76FF-43F6-9A9E-211B7FF0D342}
		{868CA454-F1DB-455F-965F-70D3A2F1B6B2} = {6867C97D-1559-412F-9286-92E20465ABB9}
	EndGlobalSection
	GlobalSection(ExtensibilityGlobals) = postSolution
		SolutionGuid = {B44EEDC6-F323-47D7-954E-BBEE9AE91813}
	EndGlobalSection
EndGlobal
