
Microsoft Visual Studio Solution File, Format Version 12.00
# Visual Studio Version 16
VisualStudioVersion = 16.0.29806.167
MinimumVisualStudioVersion = 10.0.40219.1
Project("{9A19103F-16F7-4668-BE54-9A1E7A4F7556}") = "Part1", "Day01\Part1\Part1.csproj", "{C777DA23-4B11-4ECD-8A3A-B17889B96613}"
EndProject
Project("{2150E333-8FDC-42A3-9474-1A3956D46DE8}") = "Day01", "Day01", "{472265E1-141E-435A-9537-F18997C055A1}"
EndProject
Project("{9A19103F-16F7-4668-BE54-9A1E7A4F7556}") = "Part2", "Day01\Part2\Part2.csproj", "{36722783-B94C-4568-8CEF-FA37CFD9F819}"
EndProject
Project("{2150E333-8FDC-42A3-9474-1A3956D46DE8}") = "Lib", "Lib", "{EA43C15B-7443-4F47-9A18-303CD266EE3E}"
EndProject
Project("{9A19103F-16F7-4668-BE54-9A1E7A4F7556}") = "IntCode", "Lib\IntCode\IntCode.csproj", "{38E9A699-284E-4DBD-ABC8-784304FFB709}"
EndProject
Project("{9A19103F-16F7-4668-BE54-9A1E7A4F7556}") = "IntCodeTest", "Lib\IntCodeTest\IntCodeTest.csproj", "{D598D8A4-861E-453C-93B4-6D45A78A7AC0}"
EndProject
Project("{2150E333-8FDC-42A3-9474-1A3956D46DE8}") = "Day02", "Day02", "{06C43139-4691-486E-B8D3-D4D74D477085}"
EndProject
Project("{9A19103F-16F7-4668-BE54-9A1E7A4F7556}") = "IntCode1202", "Day02\IntCode1202\IntCode1202.csproj", "{A9289D4A-0835-40A4-85D9-212C28C5AF54}"
EndProject
Project("{9A19103F-16F7-4668-BE54-9A1E7A4F7556}") = "IntCode1202.Test", "Day02\IntCode1202.Test\IntCode1202.Test.csproj", "{A81CBDE3-B351-40F0-BCC7-2DE3C5A659AA}"
EndProject
Project("{2150E333-8FDC-42A3-9474-1A3956D46DE8}") = "Day03", "Day03", "{AA0ADCB9-1030-4719-BAE9-5D636C1A46A1}"
EndProject
Project("{9A19103F-16F7-4668-BE54-9A1E7A4F7556}") = "CrossingWires", "Day03\CrossingWires\CrossingWires.csproj", "{AFCB2BA7-3979-4A4C-AC4A-4228F4B6BDB3}"
EndProject
Project("{9A19103F-16F7-4668-BE54-9A1E7A4F7556}") = "CrossingWires.Test", "Day03\CrossingWires.Test\CrossingWires.Test.csproj", "{3E7020DA-033B-48CA-9C2D-DF420E2A48E4}"
EndProject
Project("{2150E333-8FDC-42A3-9474-1A3956D46DE8}") = "Day04", "Day04", "{3C55CCD3-396A-4828-A89D-38D3B4B39272}"
EndProject
Project("{9A19103F-16F7-4668-BE54-9A1E7A4F7556}") = "Passwords", "Day04\Passwords\Passwords.csproj", "{9FFE3642-E96D-4600-8AB2-9141119AACF6}"
EndProject
Project("{2150E333-8FDC-42A3-9474-1A3956D46DE8}") = "Day05", "Day05", "{EA891471-B4B9-4A9B-BB4B-144F38855987}"
EndProject
Project("{9A19103F-16F7-4668-BE54-9A1E7A4F7556}") = "DiagnosticCode", "Day05\DiagnosticCode\DiagnosticCode.csproj", "{39022AA7-3267-4158-997A-98E59D0F2D55}"
EndProject
Project("{2150E333-8FDC-42A3-9474-1A3956D46DE8}") = "Day06", "Day06", "{718C1955-AB10-48F4-9289-021640B619B0}"
EndProject
Project("{9A19103F-16F7-4668-BE54-9A1E7A4F7556}") = "UniversalOrbitMap", "Day06\UniversalOrbitMap\UniversalOrbitMap.csproj", "{457E5C43-81F9-4B35-98CC-871B0C6A133F}"
EndProject
Project("{2150E333-8FDC-42A3-9474-1A3956D46DE8}") = "Day07", "Day07", "{06E40412-F19C-4D08-A790-77A201D623BF}"
EndProject
Project("{9A19103F-16F7-4668-BE54-9A1E7A4F7556}") = "FeedbackAmplifiers", "Day07\FeedbackAmplifiers\FeedbackAmplifiers.csproj", "{5E843269-BA4F-4F25-84B2-3325EE73510A}"
EndProject
Project("{9A19103F-16F7-4668-BE54-9A1E7A4F7556}") = "FeedbackAmplifiersTest", "Day07\FeedbackAmplifiersTest\FeedbackAmplifiersTest.csproj", "{C13403ED-2C70-4DEC-99BA-5E436ECDC358}"
EndProject
Project("{2150E333-8FDC-42A3-9474-1A3956D46DE8}") = "Day08", "Day08", "{8615A232-E18B-46D4-BA6F-4EA7F55CA70A}"
EndProject
Project("{9A19103F-16F7-4668-BE54-9A1E7A4F7556}") = "BIOS", "Day08\BIOS\BIOS.csproj", "{60AE2737-ED2C-4384-B914-B4F2804EE3DA}"
EndProject
Project("{9A19103F-16F7-4668-BE54-9A1E7A4F7556}") = "Driver", "Day08\Driver\Driver.csproj", "{7636F7C4-7D91-414B-A1BE-7158D15BAACD}"
EndProject
Project("{2150E333-8FDC-42A3-9474-1A3956D46DE8}") = "Day09", "Day09", "{CF8EA4B7-B468-4C3C-8C2C-5456B3561836}"
EndProject
Project("{9A19103F-16F7-4668-BE54-9A1E7A4F7556}") = "SensorBoost", "Day09\SensorBoost\SensorBoost.csproj", "{DC28C669-E335-4DE2-B14F-3572A239063E}"
EndProject
Project("{2150E333-8FDC-42A3-9474-1A3956D46DE8}") = "Day10", "Day10", "{82B70EDD-41F8-494D-8C76-11C0DBA617D5}"
EndProject
Project("{9A19103F-16F7-4668-BE54-9A1E7A4F7556}") = "AsteroidDetection", "Day10\AsteroidDetection\AsteroidDetection.csproj", "{CAA19288-BCF6-4353-8AF8-15A23DFD8312}"
EndProject
Project("{9A19103F-16F7-4668-BE54-9A1E7A4F7556}") = "AsteroidDetectionTest", "Day10\AsteroidDetectionTest\AsteroidDetectionTest.csproj", "{22E2DBF1-4EDE-4FB3-A729-3B1E0741EAA1}"
EndProject
Project("{2150E333-8FDC-42A3-9474-1A3956D46DE8}") = "Day11", "Day11", "{BC7F1F2E-BE7F-472B-870C-08C74EDD9D4A}"
EndProject
Project("{9A19103F-16F7-4668-BE54-9A1E7A4F7556}") = "PaintingRobot", "Day11\PaintingRobot\PaintingRobot.csproj", "{1066126A-4122-4CDB-A253-9DE0D99DCD05}"
EndProject
Project("{2150E333-8FDC-42A3-9474-1A3956D46DE8}") = "Day12", "Day12", "{B628867A-CBEA-43E4-B676-20F8678C1E8B}"
EndProject
Project("{9A19103F-16F7-4668-BE54-9A1E7A4F7556}") = "N-BodyProblem", "Day12\N-BodyProblem\N-BodyProblem.csproj", "{622DC5F5-157E-4BB6-A953-3E6E5BE671FB}"
EndProject
Project("{9A19103F-16F7-4668-BE54-9A1E7A4F7556}") = "N-BodyProblemTest", "Day12\N-BodyProblemTest\N-BodyProblemTest.csproj", "{367E9509-74DF-4319-AAD2-8B1E62CBA02E}"
EndProject
Project("{2150E333-8FDC-42A3-9474-1A3956D46DE8}") = "Day13", "Day13", "{7C58F1E0-3776-41BA-BAA3-C3E5C230BC58}"
EndProject
Project("{9A19103F-16F7-4668-BE54-9A1E7A4F7556}") = "CarePackage", "Day13\CarePackage\CarePackage.csproj", "{A2C8EB0C-4110-42BE-88B1-B8E2C9EBF726}"
EndProject
Project("{2150E333-8FDC-42A3-9474-1A3956D46DE8}") = "Day14", "Day14", "{6FB9DE26-CE64-4ED7-93E4-9A0F65B276B2}"
EndProject
Project("{9A19103F-16F7-4668-BE54-9A1E7A4F7556}") = "SpaceStoichiometry", "Day14\SpaceStoichiometry\SpaceStoichiometry.csproj", "{114FB72C-BD6C-4533-ABAD-C17DC48F1912}"
EndProject
Project("{2150E333-8FDC-42A3-9474-1A3956D46DE8}") = "Day15", "Day15", "{CBC44149-5E0D-41C9-BF15-31BC2982F316}"
EndProject
Project("{9A19103F-16F7-4668-BE54-9A1E7A4F7556}") = "OxygenSystem", "Day15\OxygenSystem\OxygenSystem.csproj", "{8FBAE24A-6FA7-46B1-AB17-B06B0BE54891}"
EndProject
Project("{FAE04EC0-301F-11D3-BF4B-00C04F79EFBC}") = "SpaceStoichiometryTest", "Day14\SpaceStoichiometryTest\SpaceStoichiometryTest.csproj", "{9DD7CEBD-7892-4279-B380-F58CA70165B6}"
EndProject
Global
	GlobalSection(SolutionConfigurationPlatforms) = preSolution
		Debug|Any CPU = Debug|Any CPU
		Release|Any CPU = Release|Any CPU
	EndGlobalSection
	GlobalSection(ProjectConfigurationPlatforms) = postSolution
		{C777DA23-4B11-4ECD-8A3A-B17889B96613}.Debug|Any CPU.ActiveCfg = Debug|Any CPU
		{C777DA23-4B11-4ECD-8A3A-B17889B96613}.Debug|Any CPU.Build.0 = Debug|Any CPU
		{C777DA23-4B11-4ECD-8A3A-B17889B96613}.Release|Any CPU.ActiveCfg = Release|Any CPU
		{C777DA23-4B11-4ECD-8A3A-B17889B96613}.Release|Any CPU.Build.0 = Release|Any CPU
		{36722783-B94C-4568-8CEF-FA37CFD9F819}.Debug|Any CPU.ActiveCfg = Debug|Any CPU
		{36722783-B94C-4568-8CEF-FA37CFD9F819}.Debug|Any CPU.Build.0 = Debug|Any CPU
		{36722783-B94C-4568-8CEF-FA37CFD9F819}.Release|Any CPU.ActiveCfg = Release|Any CPU
		{36722783-B94C-4568-8CEF-FA37CFD9F819}.Release|Any CPU.Build.0 = Release|Any CPU
		{38E9A699-284E-4DBD-ABC8-784304FFB709}.Debug|Any CPU.ActiveCfg = Debug|Any CPU
		{38E9A699-284E-4DBD-ABC8-784304FFB709}.Debug|Any CPU.Build.0 = Debug|Any CPU
		{38E9A699-284E-4DBD-ABC8-784304FFB709}.Release|Any CPU.ActiveCfg = Release|Any CPU
		{38E9A699-284E-4DBD-ABC8-784304FFB709}.Release|Any CPU.Build.0 = Release|Any CPU
		{D598D8A4-861E-453C-93B4-6D45A78A7AC0}.Debug|Any CPU.ActiveCfg = Debug|Any CPU
		{D598D8A4-861E-453C-93B4-6D45A78A7AC0}.Debug|Any CPU.Build.0 = Debug|Any CPU
		{D598D8A4-861E-453C-93B4-6D45A78A7AC0}.Release|Any CPU.ActiveCfg = Release|Any CPU
		{D598D8A4-861E-453C-93B4-6D45A78A7AC0}.Release|Any CPU.Build.0 = Release|Any CPU
		{A9289D4A-0835-40A4-85D9-212C28C5AF54}.Debug|Any CPU.ActiveCfg = Debug|Any CPU
		{A9289D4A-0835-40A4-85D9-212C28C5AF54}.Debug|Any CPU.Build.0 = Debug|Any CPU
		{A9289D4A-0835-40A4-85D9-212C28C5AF54}.Release|Any CPU.ActiveCfg = Release|Any CPU
		{A9289D4A-0835-40A4-85D9-212C28C5AF54}.Release|Any CPU.Build.0 = Release|Any CPU
		{A81CBDE3-B351-40F0-BCC7-2DE3C5A659AA}.Debug|Any CPU.ActiveCfg = Debug|Any CPU
		{A81CBDE3-B351-40F0-BCC7-2DE3C5A659AA}.Debug|Any CPU.Build.0 = Debug|Any CPU
		{A81CBDE3-B351-40F0-BCC7-2DE3C5A659AA}.Release|Any CPU.ActiveCfg = Release|Any CPU
		{A81CBDE3-B351-40F0-BCC7-2DE3C5A659AA}.Release|Any CPU.Build.0 = Release|Any CPU
		{AFCB2BA7-3979-4A4C-AC4A-4228F4B6BDB3}.Debug|Any CPU.ActiveCfg = Debug|Any CPU
		{AFCB2BA7-3979-4A4C-AC4A-4228F4B6BDB3}.Debug|Any CPU.Build.0 = Debug|Any CPU
		{AFCB2BA7-3979-4A4C-AC4A-4228F4B6BDB3}.Release|Any CPU.ActiveCfg = Release|Any CPU
		{AFCB2BA7-3979-4A4C-AC4A-4228F4B6BDB3}.Release|Any CPU.Build.0 = Release|Any CPU
		{3E7020DA-033B-48CA-9C2D-DF420E2A48E4}.Debug|Any CPU.ActiveCfg = Debug|Any CPU
		{3E7020DA-033B-48CA-9C2D-DF420E2A48E4}.Debug|Any CPU.Build.0 = Debug|Any CPU
		{3E7020DA-033B-48CA-9C2D-DF420E2A48E4}.Release|Any CPU.ActiveCfg = Release|Any CPU
		{3E7020DA-033B-48CA-9C2D-DF420E2A48E4}.Release|Any CPU.Build.0 = Release|Any CPU
		{9FFE3642-E96D-4600-8AB2-9141119AACF6}.Debug|Any CPU.ActiveCfg = Debug|Any CPU
		{9FFE3642-E96D-4600-8AB2-9141119AACF6}.Debug|Any CPU.Build.0 = Debug|Any CPU
		{9FFE3642-E96D-4600-8AB2-9141119AACF6}.Release|Any CPU.ActiveCfg = Release|Any CPU
		{9FFE3642-E96D-4600-8AB2-9141119AACF6}.Release|Any CPU.Build.0 = Release|Any CPU
		{39022AA7-3267-4158-997A-98E59D0F2D55}.Debug|Any CPU.ActiveCfg = Debug|Any CPU
		{39022AA7-3267-4158-997A-98E59D0F2D55}.Debug|Any CPU.Build.0 = Debug|Any CPU
		{39022AA7-3267-4158-997A-98E59D0F2D55}.Release|Any CPU.ActiveCfg = Release|Any CPU
		{39022AA7-3267-4158-997A-98E59D0F2D55}.Release|Any CPU.Build.0 = Release|Any CPU
		{457E5C43-81F9-4B35-98CC-871B0C6A133F}.Debug|Any CPU.ActiveCfg = Debug|Any CPU
		{457E5C43-81F9-4B35-98CC-871B0C6A133F}.Debug|Any CPU.Build.0 = Debug|Any CPU
		{457E5C43-81F9-4B35-98CC-871B0C6A133F}.Release|Any CPU.ActiveCfg = Release|Any CPU
		{457E5C43-81F9-4B35-98CC-871B0C6A133F}.Release|Any CPU.Build.0 = Release|Any CPU
		{5E843269-BA4F-4F25-84B2-3325EE73510A}.Debug|Any CPU.ActiveCfg = Debug|Any CPU
		{5E843269-BA4F-4F25-84B2-3325EE73510A}.Debug|Any CPU.Build.0 = Debug|Any CPU
		{5E843269-BA4F-4F25-84B2-3325EE73510A}.Release|Any CPU.ActiveCfg = Release|Any CPU
		{5E843269-BA4F-4F25-84B2-3325EE73510A}.Release|Any CPU.Build.0 = Release|Any CPU
		{C13403ED-2C70-4DEC-99BA-5E436ECDC358}.Debug|Any CPU.ActiveCfg = Debug|Any CPU
		{C13403ED-2C70-4DEC-99BA-5E436ECDC358}.Debug|Any CPU.Build.0 = Debug|Any CPU
		{C13403ED-2C70-4DEC-99BA-5E436ECDC358}.Release|Any CPU.ActiveCfg = Release|Any CPU
		{C13403ED-2C70-4DEC-99BA-5E436ECDC358}.Release|Any CPU.Build.0 = Release|Any CPU
		{60AE2737-ED2C-4384-B914-B4F2804EE3DA}.Debug|Any CPU.ActiveCfg = Debug|Any CPU
		{60AE2737-ED2C-4384-B914-B4F2804EE3DA}.Debug|Any CPU.Build.0 = Debug|Any CPU
		{60AE2737-ED2C-4384-B914-B4F2804EE3DA}.Release|Any CPU.ActiveCfg = Release|Any CPU
		{60AE2737-ED2C-4384-B914-B4F2804EE3DA}.Release|Any CPU.Build.0 = Release|Any CPU
		{7636F7C4-7D91-414B-A1BE-7158D15BAACD}.Debug|Any CPU.ActiveCfg = Debug|Any CPU
		{7636F7C4-7D91-414B-A1BE-7158D15BAACD}.Debug|Any CPU.Build.0 = Debug|Any CPU
		{7636F7C4-7D91-414B-A1BE-7158D15BAACD}.Release|Any CPU.ActiveCfg = Release|Any CPU
		{7636F7C4-7D91-414B-A1BE-7158D15BAACD}.Release|Any CPU.Build.0 = Release|Any CPU
		{DC28C669-E335-4DE2-B14F-3572A239063E}.Debug|Any CPU.ActiveCfg = Debug|Any CPU
		{DC28C669-E335-4DE2-B14F-3572A239063E}.Debug|Any CPU.Build.0 = Debug|Any CPU
		{DC28C669-E335-4DE2-B14F-3572A239063E}.Release|Any CPU.ActiveCfg = Release|Any CPU
		{DC28C669-E335-4DE2-B14F-3572A239063E}.Release|Any CPU.Build.0 = Release|Any CPU
		{CAA19288-BCF6-4353-8AF8-15A23DFD8312}.Debug|Any CPU.ActiveCfg = Debug|Any CPU
		{CAA19288-BCF6-4353-8AF8-15A23DFD8312}.Debug|Any CPU.Build.0 = Debug|Any CPU
		{CAA19288-BCF6-4353-8AF8-15A23DFD8312}.Release|Any CPU.ActiveCfg = Release|Any CPU
		{CAA19288-BCF6-4353-8AF8-15A23DFD8312}.Release|Any CPU.Build.0 = Release|Any CPU
		{22E2DBF1-4EDE-4FB3-A729-3B1E0741EAA1}.Debug|Any CPU.ActiveCfg = Debug|Any CPU
		{22E2DBF1-4EDE-4FB3-A729-3B1E0741EAA1}.Debug|Any CPU.Build.0 = Debug|Any CPU
		{22E2DBF1-4EDE-4FB3-A729-3B1E0741EAA1}.Release|Any CPU.ActiveCfg = Release|Any CPU
		{22E2DBF1-4EDE-4FB3-A729-3B1E0741EAA1}.Release|Any CPU.Build.0 = Release|Any CPU
		{1066126A-4122-4CDB-A253-9DE0D99DCD05}.Debug|Any CPU.ActiveCfg = Debug|Any CPU
		{1066126A-4122-4CDB-A253-9DE0D99DCD05}.Debug|Any CPU.Build.0 = Debug|Any CPU
		{1066126A-4122-4CDB-A253-9DE0D99DCD05}.Release|Any CPU.ActiveCfg = Release|Any CPU
		{1066126A-4122-4CDB-A253-9DE0D99DCD05}.Release|Any CPU.Build.0 = Release|Any CPU
		{622DC5F5-157E-4BB6-A953-3E6E5BE671FB}.Debug|Any CPU.ActiveCfg = Debug|Any CPU
		{622DC5F5-157E-4BB6-A953-3E6E5BE671FB}.Debug|Any CPU.Build.0 = Debug|Any CPU
		{622DC5F5-157E-4BB6-A953-3E6E5BE671FB}.Release|Any CPU.ActiveCfg = Release|Any CPU
		{622DC5F5-157E-4BB6-A953-3E6E5BE671FB}.Release|Any CPU.Build.0 = Release|Any CPU
		{367E9509-74DF-4319-AAD2-8B1E62CBA02E}.Debug|Any CPU.ActiveCfg = Debug|Any CPU
		{367E9509-74DF-4319-AAD2-8B1E62CBA02E}.Debug|Any CPU.Build.0 = Debug|Any CPU
		{367E9509-74DF-4319-AAD2-8B1E62CBA02E}.Release|Any CPU.ActiveCfg = Release|Any CPU
		{367E9509-74DF-4319-AAD2-8B1E62CBA02E}.Release|Any CPU.Build.0 = Release|Any CPU
		{A2C8EB0C-4110-42BE-88B1-B8E2C9EBF726}.Debug|Any CPU.ActiveCfg = Debug|Any CPU
		{A2C8EB0C-4110-42BE-88B1-B8E2C9EBF726}.Debug|Any CPU.Build.0 = Debug|Any CPU
		{A2C8EB0C-4110-42BE-88B1-B8E2C9EBF726}.Release|Any CPU.ActiveCfg = Release|Any CPU
		{A2C8EB0C-4110-42BE-88B1-B8E2C9EBF726}.Release|Any CPU.Build.0 = Release|Any CPU
		{114FB72C-BD6C-4533-ABAD-C17DC48F1912}.Debug|Any CPU.ActiveCfg = Debug|Any CPU
		{114FB72C-BD6C-4533-ABAD-C17DC48F1912}.Debug|Any CPU.Build.0 = Debug|Any CPU
		{114FB72C-BD6C-4533-ABAD-C17DC48F1912}.Release|Any CPU.ActiveCfg = Release|Any CPU
		{114FB72C-BD6C-4533-ABAD-C17DC48F1912}.Release|Any CPU.Build.0 = Release|Any CPU
		{8FBAE24A-6FA7-46B1-AB17-B06B0BE54891}.Debug|Any CPU.ActiveCfg = Debug|Any CPU
		{8FBAE24A-6FA7-46B1-AB17-B06B0BE54891}.Debug|Any CPU.Build.0 = Debug|Any CPU
		{8FBAE24A-6FA7-46B1-AB17-B06B0BE54891}.Release|Any CPU.ActiveCfg = Release|Any CPU
		{8FBAE24A-6FA7-46B1-AB17-B06B0BE54891}.Release|Any CPU.Build.0 = Release|Any CPU
		{9DD7CEBD-7892-4279-B380-F58CA70165B6}.Debug|Any CPU.ActiveCfg = Debug|Any CPU
		{9DD7CEBD-7892-4279-B380-F58CA70165B6}.Debug|Any CPU.Build.0 = Debug|Any CPU
		{9DD7CEBD-7892-4279-B380-F58CA70165B6}.Release|Any CPU.ActiveCfg = Release|Any CPU
		{9DD7CEBD-7892-4279-B380-F58CA70165B6}.Release|Any CPU.Build.0 = Release|Any CPU
	EndGlobalSection
	GlobalSection(SolutionProperties) = preSolution
		HideSolutionNode = FALSE
	EndGlobalSection
	GlobalSection(NestedProjects) = preSolution
		{C777DA23-4B11-4ECD-8A3A-B17889B96613} = {472265E1-141E-435A-9537-F18997C055A1}
		{36722783-B94C-4568-8CEF-FA37CFD9F819} = {472265E1-141E-435A-9537-F18997C055A1}
		{38E9A699-284E-4DBD-ABC8-784304FFB709} = {EA43C15B-7443-4F47-9A18-303CD266EE3E}
		{D598D8A4-861E-453C-93B4-6D45A78A7AC0} = {EA43C15B-7443-4F47-9A18-303CD266EE3E}
		{A9289D4A-0835-40A4-85D9-212C28C5AF54} = {06C43139-4691-486E-B8D3-D4D74D477085}
		{A81CBDE3-B351-40F0-BCC7-2DE3C5A659AA} = {06C43139-4691-486E-B8D3-D4D74D477085}
		{AFCB2BA7-3979-4A4C-AC4A-4228F4B6BDB3} = {AA0ADCB9-1030-4719-BAE9-5D636C1A46A1}
		{3E7020DA-033B-48CA-9C2D-DF420E2A48E4} = {AA0ADCB9-1030-4719-BAE9-5D636C1A46A1}
		{9FFE3642-E96D-4600-8AB2-9141119AACF6} = {3C55CCD3-396A-4828-A89D-38D3B4B39272}
		{39022AA7-3267-4158-997A-98E59D0F2D55} = {EA891471-B4B9-4A9B-BB4B-144F38855987}
		{457E5C43-81F9-4B35-98CC-871B0C6A133F} = {718C1955-AB10-48F4-9289-021640B619B0}
		{5E843269-BA4F-4F25-84B2-3325EE73510A} = {06E40412-F19C-4D08-A790-77A201D623BF}
		{C13403ED-2C70-4DEC-99BA-5E436ECDC358} = {06E40412-F19C-4D08-A790-77A201D623BF}
		{60AE2737-ED2C-4384-B914-B4F2804EE3DA} = {8615A232-E18B-46D4-BA6F-4EA7F55CA70A}
		{7636F7C4-7D91-414B-A1BE-7158D15BAACD} = {8615A232-E18B-46D4-BA6F-4EA7F55CA70A}
		{DC28C669-E335-4DE2-B14F-3572A239063E} = {CF8EA4B7-B468-4C3C-8C2C-5456B3561836}
		{CAA19288-BCF6-4353-8AF8-15A23DFD8312} = {82B70EDD-41F8-494D-8C76-11C0DBA617D5}
		{22E2DBF1-4EDE-4FB3-A729-3B1E0741EAA1} = {82B70EDD-41F8-494D-8C76-11C0DBA617D5}
		{1066126A-4122-4CDB-A253-9DE0D99DCD05} = {BC7F1F2E-BE7F-472B-870C-08C74EDD9D4A}
		{622DC5F5-157E-4BB6-A953-3E6E5BE671FB} = {B628867A-CBEA-43E4-B676-20F8678C1E8B}
		{367E9509-74DF-4319-AAD2-8B1E62CBA02E} = {B628867A-CBEA-43E4-B676-20F8678C1E8B}
		{A2C8EB0C-4110-42BE-88B1-B8E2C9EBF726} = {7C58F1E0-3776-41BA-BAA3-C3E5C230BC58}
		{114FB72C-BD6C-4533-ABAD-C17DC48F1912} = {6FB9DE26-CE64-4ED7-93E4-9A0F65B276B2}
		{8FBAE24A-6FA7-46B1-AB17-B06B0BE54891} = {CBC44149-5E0D-41C9-BF15-31BC2982F316}
		{9DD7CEBD-7892-4279-B380-F58CA70165B6} = {6FB9DE26-CE64-4ED7-93E4-9A0F65B276B2}
	EndGlobalSection
	GlobalSection(ExtensibilityGlobals) = postSolution
		SolutionGuid = {2BFAE090-56E6-430C-B09D-A62186A5D2C0}
	EndGlobalSection
EndGlobal
