
Microsoft Visual Studio Solution File, Format Version 12.00
# Visual Studio Version 16
VisualStudioVersion = 16.0.29519.87
MinimumVisualStudioVersion = 10.0.40219.1
Project("{FAE04EC0-301F-11D3-BF4B-00C04F79EFBC}") = "BIOS", "BIOS\BIOS.csproj", "{7220D156-1130-4B93-A1DE-F7978681BAEB}"
EndProject
Project("{FAE04EC0-301F-11D3-BF4B-00C04F79EFBC}") = "Driver", "Driver\Driver.csproj", "{4747FF65-7852-4AFA-B38D-41F290EDED9D}"
EndProject
Global
	GlobalSection(SolutionConfigurationPlatforms) = preSolution
		Debug|Any CPU = Debug|Any CPU
		Release|Any CPU = Release|Any CPU
	EndGlobalSection
	GlobalSection(ProjectConfigurationPlatforms) = postSolution
		{7220D156-1130-4B93-A1DE-F7978681BAEB}.Debug|Any CPU.ActiveCfg = Debug|Any CPU
		{7220D156-1130-4B93-A1DE-F7978681BAEB}.Debug|Any CPU.Build.0 = Debug|Any CPU
		{7220D156-1130-4B93-A1DE-F7978681BAEB}.Release|Any CPU.ActiveCfg = Release|Any CPU
		{7220D156-1130-4B93-A1DE-F7978681BAEB}.Release|Any CPU.Build.0 = Release|Any CPU
		{4747FF65-7852-4AFA-B38D-41F290EDED9D}.Debug|Any CPU.ActiveCfg = Debug|Any CPU
		{4747FF65-7852-4AFA-B38D-41F290EDED9D}.Debug|Any CPU.Build.0 = Debug|Any CPU
		{4747FF65-7852-4AFA-B38D-41F290EDED9D}.Release|Any CPU.ActiveCfg = Release|Any CPU
		{4747FF65-7852-4AFA-B38D-41F290EDED9D}.Release|Any CPU.Build.0 = Release|Any CPU
	EndGlobalSection
	GlobalSection(SolutionProperties) = preSolution
		HideSolutionNode = FALSE
	EndGlobalSection
	GlobalSection(ExtensibilityGlobals) = postSolution
		SolutionGuid = {7DA51A74-8F02-4E66-8706-DA49AA5827C9}
	EndGlobalSection
EndGlobal
