
Microsoft Visual Studio Solution File, Format Version 12.00
# Visual Studio Version 16
VisualStudioVersion = 16.0.29609.76
MinimumVisualStudioVersion = 10.0.40219.1
Project("{FAE04EC0-301F-11D3-BF4B-00C04F79EFBC}") = "AsteroidDetection", "AsteroidDetection\AsteroidDetection.csproj", "{1B52C6DB-34BA-4BB6-8F43-940AE392161A}"
EndProject
Project("{FAE04EC0-301F-11D3-BF4B-00C04F79EFBC}") = "AsteroidDetectionTest", "AsteroidDetectionTest\AsteroidDetectionTest.csproj", "{27CB6B53-D22C-4FBB-B303-028CFF00CC99}"
EndProject
Global
	GlobalSection(SolutionConfigurationPlatforms) = preSolution
		Debug|Any CPU = Debug|Any CPU
		Release|Any CPU = Release|Any CPU
	EndGlobalSection
	GlobalSection(ProjectConfigurationPlatforms) = postSolution
		{1B52C6DB-34BA-4BB6-8F43-940AE392161A}.Debug|Any CPU.ActiveCfg = Debug|Any CPU
		{1B52C6DB-34BA-4BB6-8F43-940AE392161A}.Debug|Any CPU.Build.0 = Debug|Any CPU
		{1B52C6DB-34BA-4BB6-8F43-940AE392161A}.Release|Any CPU.ActiveCfg = Release|Any CPU
		{1B52C6DB-34BA-4BB6-8F43-940AE392161A}.Release|Any CPU.Build.0 = Release|Any CPU
		{27CB6B53-D22C-4FBB-B303-028CFF00CC99}.Debug|Any CPU.ActiveCfg = Debug|Any CPU
		{27CB6B53-D22C-4FBB-B303-028CFF00CC99}.Debug|Any CPU.Build.0 = Debug|Any CPU
		{27CB6B53-D22C-4FBB-B303-028CFF00CC99}.Release|Any CPU.ActiveCfg = Release|Any CPU
		{27CB6B53-D22C-4FBB-B303-028CFF00CC99}.Release|Any CPU.Build.0 = Release|Any CPU
	EndGlobalSection
	GlobalSection(SolutionProperties) = preSolution
		HideSolutionNode = FALSE
	EndGlobalSection
	GlobalSection(ExtensibilityGlobals) = postSolution
		SolutionGuid = {4F8E8FA1-0A0E-488F-8707-F803E3E1E8B4}
	EndGlobalSection
EndGlobal
