
Microsoft Visual Studio Solution File, Format Version 12.00
# Visual Studio Version 16
VisualStudioVersion = 16.0.29001.49
MinimumVisualStudioVersion = 10.0.40219.1
Project("{FAE04EC0-301F-11D3-BF4B-00C04F79EFBC}") = "Part1", "Part1\Part1.csproj", "{BC806263-ABFF-4EBA-A071-E05093DC4379}"
EndProject
Project("{FAE04EC0-301F-11D3-BF4B-00C04F79EFBC}") = "Part2", "Part2\Part2.csproj", "{128AE7EB-F816-4269-8602-08CC4F9FCB8C}"
EndProject
Global
	GlobalSection(SolutionConfigurationPlatforms) = preSolution
		Debug|Any CPU = Debug|Any CPU
		Release|Any CPU = Release|Any CPU
	EndGlobalSection
	GlobalSection(ProjectConfigurationPlatforms) = postSolution
		{BC806263-ABFF-4EBA-A071-E05093DC4379}.Debug|Any CPU.ActiveCfg = Debug|Any CPU
		{BC806263-ABFF-4EBA-A071-E05093DC4379}.Debug|Any CPU.Build.0 = Debug|Any CPU
		{BC806263-ABFF-4EBA-A071-E05093DC4379}.Release|Any CPU.ActiveCfg = Release|Any CPU
		{BC806263-ABFF-4EBA-A071-E05093DC4379}.Release|Any CPU.Build.0 = Release|Any CPU
		{128AE7EB-F816-4269-8602-08CC4F9FCB8C}.Debug|Any CPU.ActiveCfg = Debug|Any CPU
		{128AE7EB-F816-4269-8602-08CC4F9FCB8C}.Debug|Any CPU.Build.0 = Debug|Any CPU
		{128AE7EB-F816-4269-8602-08CC4F9FCB8C}.Release|Any CPU.ActiveCfg = Release|Any CPU
		{128AE7EB-F816-4269-8602-08CC4F9FCB8C}.Release|Any CPU.Build.0 = Release|Any CPU
	EndGlobalSection
	GlobalSection(SolutionProperties) = preSolution
		HideSolutionNode = FALSE
	EndGlobalSection
	GlobalSection(ExtensibilityGlobals) = postSolution
		SolutionGuid = {73C9BB39-A4EB-44B6-91EC-B1DB368D4326}
	EndGlobalSection
EndGlobal
