
Microsoft Visual Studio Solution File, Format Version 12.00
# Visual Studio Version 16
VisualStudioVersion = 16.0.29001.49
MinimumVisualStudioVersion = 10.0.40219.1
Project("{9A19103F-16F7-4668-BE54-9A1E7A4F7556}") = "IntCodeExecutorPartI", "IntCodeExecutorPartI\IntCodeExecutorPartI.csproj", "{193EB74C-2F31-4CDE-8E89-D13C632181F4}"
EndProject
Project("{9A19103F-16F7-4668-BE54-9A1E7A4F7556}") = "IntCodeExecutorPartI.Test", "IntCodeExecutorPartI.Test\IntCodeExecutorPartI.Test.csproj", "{370453BF-6C1C-4793-8B08-C60BD35C8898}"
EndProject
Project("{FAE04EC0-301F-11D3-BF4B-00C04F79EFBC}") = "IntCodeExecutorPartII", "IntCodeExecutorPartII\IntCodeExecutorPartII.csproj", "{1420AFD5-0602-4897-9C08-123C4FB3B8AF}"
EndProject
Global
	GlobalSection(SolutionConfigurationPlatforms) = preSolution
		Debug|Any CPU = Debug|Any CPU
		Release|Any CPU = Release|Any CPU
	EndGlobalSection
	GlobalSection(ProjectConfigurationPlatforms) = postSolution
		{193EB74C-2F31-4CDE-8E89-D13C632181F4}.Debug|Any CPU.ActiveCfg = Debug|Any CPU
		{193EB74C-2F31-4CDE-8E89-D13C632181F4}.Debug|Any CPU.Build.0 = Debug|Any CPU
		{193EB74C-2F31-4CDE-8E89-D13C632181F4}.Release|Any CPU.ActiveCfg = Release|Any CPU
		{193EB74C-2F31-4CDE-8E89-D13C632181F4}.Release|Any CPU.Build.0 = Release|Any CPU
		{370453BF-6C1C-4793-8B08-C60BD35C8898}.Debug|Any CPU.ActiveCfg = Debug|Any CPU
		{370453BF-6C1C-4793-8B08-C60BD35C8898}.Debug|Any CPU.Build.0 = Debug|Any CPU
		{370453BF-6C1C-4793-8B08-C60BD35C8898}.Release|Any CPU.ActiveCfg = Release|Any CPU
		{370453BF-6C1C-4793-8B08-C60BD35C8898}.Release|Any CPU.Build.0 = Release|Any CPU
		{1420AFD5-0602-4897-9C08-123C4FB3B8AF}.Debug|Any CPU.ActiveCfg = Debug|Any CPU
		{1420AFD5-0602-4897-9C08-123C4FB3B8AF}.Debug|Any CPU.Build.0 = Debug|Any CPU
		{1420AFD5-0602-4897-9C08-123C4FB3B8AF}.Release|Any CPU.ActiveCfg = Release|Any CPU
		{1420AFD5-0602-4897-9C08-123C4FB3B8AF}.Release|Any CPU.Build.0 = Release|Any CPU
	EndGlobalSection
	GlobalSection(SolutionProperties) = preSolution
		HideSolutionNode = FALSE
	EndGlobalSection
	GlobalSection(ExtensibilityGlobals) = postSolution
		SolutionGuid = {1F095D36-CB02-4AE4-8E9E-790922C0F869}
	EndGlobalSection
EndGlobal
