
Microsoft Visual Studio Solution File, Format Version 12.00
# Visual Studio Version 16
VisualStudioVersion = 16.0.29806.167
MinimumVisualStudioVersion = 10.0.40219.1
Project("{2150E333-8FDC-42A3-9474-1A3956D46DE8}") = "Day10", "Day10", "{BFE6B6B9-F61F-4104-B4FB-432C58D4EF64}"
EndProject
Project("{9A19103F-16F7-4668-BE54-9A1E7A4F7556}") = "IntCodeExecutor", "Day09\IntCodeExecutioner\IntCodeExecutor.csproj", "{C7B85A14-8E98-4195-9E02-6132483E8A97}"
EndProject
Project("{9A19103F-16F7-4668-BE54-9A1E7A4F7556}") = "IntCodeExecutorTest", "Day09\IntCodeExecutorTest\IntCodeExecutorTest.csproj", "{38B10F59-9A34-4A47-BA66-7482779527BC}"
EndProject
Project("{2150E333-8FDC-42A3-9474-1A3956D46DE8}") = "Day09", "Day09", "{6B7215DE-08DB-4F60-B74E-77FA0443F20D}"
EndProject
Project("{9A19103F-16F7-4668-BE54-9A1E7A4F7556}") = "AsteroidDetection", "Day10\AsteroidDetection\AsteroidDetection.csproj", "{0AA1ACA8-6E67-496A-AC8F-7FE56C93BB35}"
EndProject
Project("{9A19103F-16F7-4668-BE54-9A1E7A4F7556}") = "AsteroidDetectionTest", "Day10\AsteroidDetectionTest\AsteroidDetectionTest.csproj", "{FB777EA3-0796-4300-BD96-534289974359}"
EndProject
Global
	GlobalSection(SolutionConfigurationPlatforms) = preSolution
		Debug|Any CPU = Debug|Any CPU
		Release|Any CPU = Release|Any CPU
	EndGlobalSection
	GlobalSection(ProjectConfigurationPlatforms) = postSolution
		{C7B85A14-8E98-4195-9E02-6132483E8A97}.Debug|Any CPU.ActiveCfg = Debug|Any CPU
		{C7B85A14-8E98-4195-9E02-6132483E8A97}.Debug|Any CPU.Build.0 = Debug|Any CPU
		{C7B85A14-8E98-4195-9E02-6132483E8A97}.Release|Any CPU.ActiveCfg = Release|Any CPU
		{C7B85A14-8E98-4195-9E02-6132483E8A97}.Release|Any CPU.Build.0 = Release|Any CPU
		{38B10F59-9A34-4A47-BA66-7482779527BC}.Debug|Any CPU.ActiveCfg = Debug|Any CPU
		{38B10F59-9A34-4A47-BA66-7482779527BC}.Debug|Any CPU.Build.0 = Debug|Any CPU
		{38B10F59-9A34-4A47-BA66-7482779527BC}.Release|Any CPU.ActiveCfg = Release|Any CPU
		{38B10F59-9A34-4A47-BA66-7482779527BC}.Release|Any CPU.Build.0 = Release|Any CPU
		{0AA1ACA8-6E67-496A-AC8F-7FE56C93BB35}.Debug|Any CPU.ActiveCfg = Debug|Any CPU
		{0AA1ACA8-6E67-496A-AC8F-7FE56C93BB35}.Debug|Any CPU.Build.0 = Debug|Any CPU
		{0AA1ACA8-6E67-496A-AC8F-7FE56C93BB35}.Release|Any CPU.ActiveCfg = Release|Any CPU
		{0AA1ACA8-6E67-496A-AC8F-7FE56C93BB35}.Release|Any CPU.Build.0 = Release|Any CPU
		{FB777EA3-0796-4300-BD96-534289974359}.Debug|Any CPU.ActiveCfg = Debug|Any CPU
		{FB777EA3-0796-4300-BD96-534289974359}.Debug|Any CPU.Build.0 = Debug|Any CPU
		{FB777EA3-0796-4300-BD96-534289974359}.Release|Any CPU.ActiveCfg = Release|Any CPU
		{FB777EA3-0796-4300-BD96-534289974359}.Release|Any CPU.Build.0 = Release|Any CPU
	EndGlobalSection
	GlobalSection(SolutionProperties) = preSolution
		HideSolutionNode = FALSE
	EndGlobalSection
	GlobalSection(NestedProjects) = preSolution
		{C7B85A14-8E98-4195-9E02-6132483E8A97} = {6B7215DE-08DB-4F60-B74E-77FA0443F20D}
		{38B10F59-9A34-4A47-BA66-7482779527BC} = {6B7215DE-08DB-4F60-B74E-77FA0443F20D}
		{0AA1ACA8-6E67-496A-AC8F-7FE56C93BB35} = {BFE6B6B9-F61F-4104-B4FB-432C58D4EF64}
		{FB777EA3-0796-4300-BD96-534289974359} = {BFE6B6B9-F61F-4104-B4FB-432C58D4EF64}
	EndGlobalSection
	GlobalSection(ExtensibilityGlobals) = postSolution
		SolutionGuid = {B44EEDC6-F323-47D7-954E-BBEE9AE91813}
	EndGlobalSection
EndGlobal
