
Microsoft Visual Studio Solution File, Format Version 12.00
# Visual Studio Version 16
VisualStudioVersion = 16.0.29001.49
MinimumVisualStudioVersion = 10.0.40219.1
Project("{FAE04EC0-301F-11D3-BF4B-00C04F79EFBC}") = "CrossingWires", "CrossingWires\CrossingWires.csproj", "{BB2C8BFF-0CF7-43AF-B4D6-7F3332293BAB}"
EndProject
Project("{FAE04EC0-301F-11D3-BF4B-00C04F79EFBC}") = "CrossingWires.Test", "CrossingWires.Test\CrossingWires.Test.csproj", "{A0DEDC82-8142-494B-8A0B-541E0524BABA}"
EndProject
Global
	GlobalSection(SolutionConfigurationPlatforms) = preSolution
		Debug|Any CPU = Debug|Any CPU
		Release|Any CPU = Release|Any CPU
	EndGlobalSection
	GlobalSection(ProjectConfigurationPlatforms) = postSolution
		{BB2C8BFF-0CF7-43AF-B4D6-7F3332293BAB}.Debug|Any CPU.ActiveCfg = Debug|Any CPU
		{BB2C8BFF-0CF7-43AF-B4D6-7F3332293BAB}.Debug|Any CPU.Build.0 = Debug|Any CPU
		{BB2C8BFF-0CF7-43AF-B4D6-7F3332293BAB}.Release|Any CPU.ActiveCfg = Release|Any CPU
		{BB2C8BFF-0CF7-43AF-B4D6-7F3332293BAB}.Release|Any CPU.Build.0 = Release|Any CPU
		{A0DEDC82-8142-494B-8A0B-541E0524BABA}.Debug|Any CPU.ActiveCfg = Debug|Any CPU
		{A0DEDC82-8142-494B-8A0B-541E0524BABA}.Debug|Any CPU.Build.0 = Debug|Any CPU
		{A0DEDC82-8142-494B-8A0B-541E0524BABA}.Release|Any CPU.ActiveCfg = Release|Any CPU
		{A0DEDC82-8142-494B-8A0B-541E0524BABA}.Release|Any CPU.Build.0 = Release|Any CPU
	EndGlobalSection
	GlobalSection(SolutionProperties) = preSolution
		HideSolutionNode = FALSE
	EndGlobalSection
	GlobalSection(ExtensibilityGlobals) = postSolution
		SolutionGuid = {43E8A173-F9CE-472A-9291-4C6DB4A416D8}
	EndGlobalSection
EndGlobal
