
Microsoft Visual Studio Solution File, Format Version 12.00
# Visual Studio Version 16
VisualStudioVersion = 16.0.29609.76
MinimumVisualStudioVersion = 10.0.40219.1
Project("{9A19103F-16F7-4668-BE54-9A1E7A4F7556}") = "IntCodeExecutor", "IntCodeExecutioner\IntCodeExecutor.csproj", "{CC541A2E-A080-4C21-B9FC-ECD5002895C3}"
EndProject
Project("{FAE04EC0-301F-11D3-BF4B-00C04F79EFBC}") = "IntCodeExecutorTest", "IntCodeExecutorTest\IntCodeExecutorTest.csproj", "{A535E9D7-DF92-4423-9026-A521F5902197}"
EndProject
Global
	GlobalSection(SolutionConfigurationPlatforms) = preSolution
		Debug|Any CPU = Debug|Any CPU
		Release|Any CPU = Release|Any CPU
	EndGlobalSection
	GlobalSection(ProjectConfigurationPlatforms) = postSolution
		{CC541A2E-A080-4C21-B9FC-ECD5002895C3}.Debug|Any CPU.ActiveCfg = Debug|Any CPU
		{CC541A2E-A080-4C21-B9FC-ECD5002895C3}.Debug|Any CPU.Build.0 = Debug|Any CPU
		{CC541A2E-A080-4C21-B9FC-ECD5002895C3}.Release|Any CPU.ActiveCfg = Release|Any CPU
		{CC541A2E-A080-4C21-B9FC-ECD5002895C3}.Release|Any CPU.Build.0 = Release|Any CPU
		{A535E9D7-DF92-4423-9026-A521F5902197}.Debug|Any CPU.ActiveCfg = Debug|Any CPU
		{A535E9D7-DF92-4423-9026-A521F5902197}.Debug|Any CPU.Build.0 = Debug|Any CPU
		{A535E9D7-DF92-4423-9026-A521F5902197}.Release|Any CPU.ActiveCfg = Release|Any CPU
		{A535E9D7-DF92-4423-9026-A521F5902197}.Release|Any CPU.Build.0 = Release|Any CPU
	EndGlobalSection
	GlobalSection(SolutionProperties) = preSolution
		HideSolutionNode = FALSE
	EndGlobalSection
	GlobalSection(ExtensibilityGlobals) = postSolution
		SolutionGuid = {72EDDCDD-DE16-425B-A016-4C5B9B7FE025}
	EndGlobalSection
EndGlobal
